
Microsoft Visual Studio Solution File, Format Version 12.00
# Visual Studio Version 16
VisualStudioVersion = 16.0.30717.126
MinimumVisualStudioVersion = 10.0.40219.1
Project("{9A19103F-16F7-4668-BE54-9A1E7A4F7556}") = "BlazorServerShoppingCart.Web", "BlazorServerShoppingCart.Web\BlazorServerShoppingCart.Web.csproj", "{5418CE0C-BE88-4273-8CF3-2214116BE9E7}"
EndProject
Project("{9A19103F-16F7-4668-BE54-9A1E7A4F7556}") = "BlazorServerShoppingCart.API", "BlazorServerShoppingCart.API\BlazorServerShoppingCart.API.csproj", "{9BAA39E1-92EF-4FD5-840B-FB502F147CF1}"
EndProject
Project("{9A19103F-16F7-4668-BE54-9A1E7A4F7556}") = "BlazorServerShoppingCart.Models", "BlazorServerShoppingCart.Models\BlazorServerShoppingCart.Models.csproj", "{5C2B143C-6CC2-4D7C-A56F-DE3A1114DDE0}"
EndProject
Project("{9A19103F-16F7-4668-BE54-9A1E7A4F7556}") = "BlazorServerShoppingCart.DataAccess", "BlazorServerShoppingCart.DataAccess\BlazorServerShoppingCart.DataAccess.csproj", "{4D18E25F-1E44-4331-B711-FA9669AB47D9}"
EndProject
Global
	GlobalSection(SolutionConfigurationPlatforms) = preSolution
		Debug|Any CPU = Debug|Any CPU
		Release|Any CPU = Release|Any CPU
	EndGlobalSection
	GlobalSection(ProjectConfigurationPlatforms) = postSolution
		{5418CE0C-BE88-4273-8CF3-2214116BE9E7}.Debug|Any CPU.ActiveCfg = Debug|Any CPU
		{5418CE0C-BE88-4273-8CF3-2214116BE9E7}.Debug|Any CPU.Build.0 = Debug|Any CPU
		{5418CE0C-BE88-4273-8CF3-2214116BE9E7}.Release|Any CPU.ActiveCfg = Release|Any CPU
		{5418CE0C-BE88-4273-8CF3-2214116BE9E7}.Release|Any CPU.Build.0 = Release|Any CPU
		{9BAA39E1-92EF-4FD5-840B-FB502F147CF1}.Debug|Any CPU.ActiveCfg = Debug|Any CPU
		{9BAA39E1-92EF-4FD5-840B-FB502F147CF1}.Debug|Any CPU.Build.0 = Debug|Any CPU
		{9BAA39E1-92EF-4FD5-840B-FB502F147CF1}.Release|Any CPU.ActiveCfg = Release|Any CPU
		{9BAA39E1-92EF-4FD5-840B-FB502F147CF1}.Release|Any CPU.Build.0 = Release|Any CPU
		{5C2B143C-6CC2-4D7C-A56F-DE3A1114DDE0}.Debug|Any CPU.ActiveCfg = Debug|Any CPU
		{5C2B143C-6CC2-4D7C-A56F-DE3A1114DDE0}.Debug|Any CPU.Build.0 = Debug|Any CPU
		{5C2B143C-6CC2-4D7C-A56F-DE3A1114DDE0}.Release|Any CPU.ActiveCfg = Release|Any CPU
		{5C2B143C-6CC2-4D7C-A56F-DE3A1114DDE0}.Release|Any CPU.Build.0 = Release|Any CPU
		{4D18E25F-1E44-4331-B711-FA9669AB47D9}.Debug|Any CPU.ActiveCfg = Debug|Any CPU
		{4D18E25F-1E44-4331-B711-FA9669AB47D9}.Debug|Any CPU.Build.0 = Debug|Any CPU
		{4D18E25F-1E44-4331-B711-FA9669AB47D9}.Release|Any CPU.ActiveCfg = Release|Any CPU
		{4D18E25F-1E44-4331-B711-FA9669AB47D9}.Release|Any CPU.Build.0 = Release|Any CPU
	EndGlobalSection
	GlobalSection(SolutionProperties) = preSolution
		HideSolutionNode = FALSE
	EndGlobalSection
	GlobalSection(ExtensibilityGlobals) = postSolution
		SolutionGuid = {31C86A5A-F29E-463C-BA5C-DA3C814F6F3F}
	EndGlobalSection
EndGlobal
